<?xml version="1.0" encoding="utf-8"?>
<Project ToolsVersion="4.0" xmlns="http://schemas.microsoft.com/developer/msbuild/2003">
  <ItemGroup>
    <Filter Include="Source Files">
      <UniqueIdentifier>{4FC737F1-C7A5-4376-A066-2A32D752A2FF}</UniqueIdentifier>
      <Extensions>cpp;c;cc;cxx;def;odl;idl;hpj;bat;asm;asmx</Extensions>
    </Filter>
    <Filter Include="Header Files">
      <UniqueIdentifier>{93995380-89BD-4b04-88EB-625FBE52EBFB}</UniqueIdentifier>
      <Extensions>h;hh;hpp;hxx;hm;inl;inc;xsd</Extensions>
    </Filter>
    <Filter Include="Resource Files">
      <UniqueIdentifier>{67DA6AB6-F800-4c08-8B7A-83BB121AAD01}</UniqueIdentifier>
      <Extensions>rc;ico;cur;bmp;dlg;rc2;rct;bin;rgs;gif;jpg;jpeg;jpe;resx;tiff;tif;png;wav;mfcribbon-ms</Extensions>
    </Filter>
    <Filter Include="LibOS">
      <UniqueIdentifier>{887f7add-02ba-4a84-8685-0252a0405003}</UniqueIdentifier>
    </Filter>
    <Filter Include="LibEmu">
      <UniqueIdentifier>{8dcc5493-d8a8-414d-a59b-5b1317fd9e24}</UniqueIdentifier>
    </Filter>
    <Filter Include="LibOS\Header Files">
      <UniqueIdentifier>{f3d43732-b10a-401d-a665-39ae47aed230}</UniqueIdentifier>
    </Filter>
    <Filter Include="LibOS\Source Files">
      <UniqueIdentifier>{7554a490-0b55-420a-a064-6cc213f51754}</UniqueIdentifier>
    </Filter>
    <Filter Include="LibOS\Driver Files">
      <UniqueIdentifier>{5a92239d-6443-4632-b514-56b552094652}</UniqueIdentifier>
    </Filter>
    <Filter Include="LibEmu\Header Files">
      <UniqueIdentifier>{722da860-42c8-4fd2-af33-f80b1ba776ce}</UniqueIdentifier>
    </Filter>
    <Filter Include="LibEmu\Source Files">
      <UniqueIdentifier>{0047d37d-bf4a-49dc-9729-17941b5a59fd}</UniqueIdentifier>
    </Filter>
  </ItemGroup>
  <ItemGroup>
    <ClCompile Include="..\..\LibOS\drivers\Win32\drvBlackAndWhiteGraphics.c">
      <Filter>LibOS\Driver Files</Filter>
    </ClCompile>
    <ClCompile Include="..\..\LibOS\drivers\Win32\drvGraphicsDisplayEmulator.c">
      <Filter>LibOS\Driver Files</Filter>
    </ClCompile>
    <ClCompile Include="..\..\LibOS\drivers\Win32\drvHighresTimer.c">
      <Filter>LibOS\Driver Files</Filter>
    </ClCompile>
    <ClCompile Include="..\..\LibOS\drivers\Win32\drvSystemTimer.c">
      <Filter>LibOS\Driver Files</Filter>
    </ClCompile>
    <ClCompile Include="..\..\LibOS\drivers\Win32\drvWinMain.c">
      <Filter>LibOS\Driver Files</Filter>
    </ClCompile>
    <ClCompile Include="..\..\LibOS\drivers\drvBlackAndWhiteSWRenderer.c">
      <Filter>LibOS\Driver Files</Filter>
    </ClCompile>
    <ClCompile Include="..\..\LibOS\drivers\drvResourceArray.c">
      <Filter>LibOS\Driver Files</Filter>
    </ClCompile>
    <ClCompile Include="..\..\LibOS\source\fbBlackAndWhiteRenderer.c">
      <Filter>LibOS\Source Files</Filter>
    </ClCompile>
    <ClCompile Include="..\..\LibOS\source\fbBuffer.c">
      <Filter>LibOS\Source Files</Filter>
    </ClCompile>
    <ClCompile Include="..\..\LibOS\source\fbFileBrowser.c">
      <Filter>LibOS\Source Files</Filter>
    </ClCompile>
    <ClCompile Include="..\..\LibOS\source\fbFileEnumeratorWin32.c">
      <Filter>LibOS\Source Files</Filter>
    </ClCompile>
    <ClCompile Include="..\..\LibOS\source\fbUserInputHandler.c">
      <Filter>LibOS\Source Files</Filter>
    </ClCompile>
    <ClCompile Include="..\..\LibOS\source\fileUtils.c">
      <Filter>LibOS\Source Files</Filter>
    </ClCompile>
    <ClCompile Include="..\..\LibOS\source\guiBlackAndWhiteGraphics.c">
      <Filter>LibOS\Source Files</Filter>
    </ClCompile>
    <ClCompile Include="..\..\LibOS\source\guiCommon.c">
      <Filter>LibOS\Source Files</Filter>
    </ClCompile>
    <ClCompile Include="..\..\LibOS\source\sysDateTime.c">
      <Filter>LibOS\Source Files</Filter>
    </ClCompile>
    <ClCompile Include="..\..\LibOS\source\sysString.c">
      <Filter>LibOS\Source Files</Filter>
    </ClCompile>
    <ClCompile Include="..\..\LibOS\source\sysTimer.c">
      <Filter>LibOS\Source Files</Filter>
    </ClCompile>
    <ClCompile Include="source\appSettings.c">
      <Filter>Source Files</Filter>
    </ClCompile>
    <ClCompile Include="source\sysInitialization.c">
      <Filter>Source Files</Filter>
    </ClCompile>
    <ClCompile Include="..\..\LibEmu\source\cpuZ80.c">
      <Filter>LibEmu\Source Files</Filter>
    </ClCompile>
    <ClCompile Include="..\..\LibEmu\source\hwHT1080.c">
      <Filter>LibEmu\Source Files</Filter>
    </ClCompile>
    <ClCompile Include="..\..\LibEmu\source\scrHT1080bw.c">
      <Filter>LibEmu\Source Files</Filter>
    </ClCompile>
    <ClCompile Include="..\..\LibEmu\resources\ht1080\ht_s1_basic.c">
      <Filter>Resource Files</Filter>
    </ClCompile>
    <ClCompile Include="..\..\LibEmu\resources\ht1080\ht_s1_basicexpansion.c">
      <Filter>Resource Files</Filter>
    </ClCompile>
    <ClCompile Include="..\..\LibEmu\resources\ht1080\ht_s1_chargen.c">
      <Filter>Resource Files</Filter>
    </ClCompile>
    <ClCompile Include="..\..\LibEmu\resources\ht1080\level1.c">
      <Filter>Resource Files</Filter>
    </ClCompile>
    <ClCompile Include="..\..\LibEmu\resources\ht1080\MODEL1.c">
      <Filter>Resource Files</Filter>
    </ClCompile>
    <ClCompile Include="source\appTaskSwitcher.c">
      <Filter>Source Files</Filter>
    </ClCompile>
    <ClCompile Include="..\..\LibOS\source\gcmBlackAndWhiteRenderer.c">
      <Filter>LibOS\Source Files</Filter>
    </ClCompile>
    <ClCompile Include="..\..\LibOS\source\gcmGraphicsConfigMenu.c">
      <Filter>LibOS\Source Files</Filter>
    </ClCompile>
    <ClCompile Include="..\..\LibOS\source\gcmUserInputHandler.c">
      <Filter>LibOS\Source Files</Filter>
    </ClCompile>
    <ClCompile Include="resource\sysResource.c">
      <Filter>Source Files</Filter>
    </ClCompile>
    <ClCompile Include="source\fbIconMapper.c">
      <Filter>Source Files</Filter>
    </ClCompile>
    <ClCompile Include="source\appGUI.c">
      <Filter>Source Files</Filter>
    </ClCompile>
    <ClCompile Include="..\..\LibOS\source\cpWin1250.c">
      <Filter>LibOS\Source Files</Filter>
    </ClCompile>
    <ClCompile Include="source\appKeyboardSwitcher.c">
      <Filter>Source Files</Filter>
    </ClCompile>
  </ItemGroup>
  <ItemGroup>
    <ClInclude Include="..\..\LibOS\include\cpCodePages.h">
      <Filter>LibOS\Header Files</Filter>
    </ClInclude>
    <ClInclude Include="..\..\LibOS\include\drvBlackAndWhiteGraphics.h">
      <Filter>LibOS\Header Files</Filter>
    </ClInclude>
    <ClInclude Include="..\..\LibOS\include\drvColorGraphics.h">
      <Filter>LibOS\Header Files</Filter>
    </ClInclude>
    <ClInclude Include="..\..\LibOS\include\drvKeyboardScancodeMapper.h">
      <Filter>LibOS\Header Files</Filter>
    </ClInclude>
    <ClInclude Include="..\..\LibOS\include\drvMassStorage.h">
      <Filter>LibOS\Header Files</Filter>
    </ClInclude>
    <ClInclude Include="..\..\LibOS\include\drvResources.h">
      <Filter>LibOS\Header Files</Filter>
    </ClInclude>
    <ClInclude Include="..\..\LibOS\include\drvWavePlayer.h">
      <Filter>LibOS\Header Files</Filter>
    </ClInclude>
    <ClInclude Include="..\..\LibOS\include\fbBuffer.h">
      <Filter>LibOS\Header Files</Filter>
    </ClInclude>
    <ClInclude Include="..\..\LibOS\include\fbFileBrowser.h">
      <Filter>LibOS\Header Files</Filter>
    </ClInclude>
    <ClInclude Include="..\..\LibOS\include\fbFileEnumerator.h">
      <Filter>LibOS\Header Files</Filter>
    </ClInclude>
    <ClInclude Include="..\..\LibOS\include\fbIconMapper.h">
      <Filter>LibOS\Header Files</Filter>
    </ClInclude>
    <ClInclude Include="..\..\LibOS\include\fbRenderer.h">
      <Filter>LibOS\Header Files</Filter>
    </ClInclude>
    <ClInclude Include="..\..\LibOS\include\fbTypes.h">
      <Filter>LibOS\Header Files</Filter>
    </ClInclude>
    <ClInclude Include="..\..\LibOS\include\fileFAT.h">
      <Filter>LibOS\Header Files</Filter>
    </ClInclude>
    <ClInclude Include="..\..\LibOS\include\fileSDCard.h">
      <Filter>LibOS\Header Files</Filter>
    </ClInclude>
    <ClInclude Include="..\..\LibOS\include\fileStandardFunctions.h">
      <Filter>LibOS\Header Files</Filter>
    </ClInclude>
    <ClInclude Include="..\..\LibOS\include\fileTypes.h">
      <Filter>LibOS\Header Files</Filter>
    </ClInclude>
    <ClInclude Include="..\..\LibOS\include\fileUtils.h">
      <Filter>LibOS\Header Files</Filter>
    </ClInclude>
    <ClInclude Include="..\..\LibOS\include\fileVolumes.h">
      <Filter>LibOS\Header Files</Filter>
    </ClInclude>
    <ClInclude Include="..\..\LibOS\include\fileWave.h">
      <Filter>LibOS\Header Files</Filter>
    </ClInclude>
    <ClInclude Include="..\..\LibOS\include\gcmGraphicsConfigMenu.h">
      <Filter>LibOS\Header Files</Filter>
    </ClInclude>
    <ClInclude Include="..\..\LibOS\include\gcmRenderer.h">
      <Filter>LibOS\Header Files</Filter>
    </ClInclude>
    <ClInclude Include="..\..\LibOS\include\guiBlackAndWhiteGraphics.h">
      <Filter>LibOS\Header Files</Filter>
    </ClInclude>
    <ClInclude Include="..\..\LibOS\include\guiColorGraphics.h">
      <Filter>LibOS\Header Files</Filter>
    </ClInclude>
    <ClInclude Include="..\..\LibOS\include\guiCommon.h">
      <Filter>LibOS\Header Files</Filter>
    </ClInclude>
    <ClInclude Include="..\..\LibOS\include\guiTypes.h">
      <Filter>LibOS\Header Files</Filter>
    </ClInclude>
    <ClInclude Include="..\..\LibOS\include\sysDateTime.h">
      <Filter>LibOS\Header Files</Filter>
    </ClInclude>
    <ClInclude Include="..\..\LibOS\include\sysHighresTimer.h">
      <Filter>LibOS\Header Files</Filter>
    </ClInclude>
    <ClInclude Include="..\..\LibOS\include\sysPackEnd.h">
      <Filter>LibOS\Header Files</Filter>
    </ClInclude>
    <ClInclude Include="..\..\LibOS\include\sysPackStart.h">
      <Filter>LibOS\Header Files</Filter>
    </ClInclude>
    <ClInclude Include="..\..\LibOS\include\sysString.h">
      <Filter>LibOS\Header Files</Filter>
    </ClInclude>
    <ClInclude Include="..\..\LibOS\include\sysTimer.h">
      <Filter>LibOS\Header Files</Filter>
    </ClInclude>
    <ClInclude Include="..\..\LibOS\include\sysTypes.h">
      <Filter>LibOS\Header Files</Filter>
    </ClInclude>
    <ClInclude Include="..\..\LibOS\include\sysUserInput.h">
      <Filter>LibOS\Header Files</Filter>
    </ClInclude>
    <ClInclude Include="..\..\LibOS\include\sysVirtualKeyboardCodes.h">
      <Filter>LibOS\Header Files</Filter>
    </ClInclude>
    <ClInclude Include="..\..\LibOS\include\waveMixer.h">
      <Filter>LibOS\Header Files</Filter>
    </ClInclude>
    <ClInclude Include="include\appSettings.h">
      <Filter>Header Files</Filter>
    </ClInclude>
    <ClInclude Include="include\sysConfig.h">
      <Filter>Header Files</Filter>
    </ClInclude>
    <ClInclude Include="..\..\LibEmu\include\cpuZ80.h">
      <Filter>LibEmu\Header Files</Filter>
    </ClInclude>
    <ClInclude Include="..\..\LibEmu\include\emuHT1080.h">
      <Filter>LibEmu\Header Files</Filter>
    </ClInclude>
    <ClInclude Include="resource\sysResource.h">
      <Filter>Header Files</Filter>
    </ClInclude>
    <ClInclude Include="include\appGUI.h">
      <Filter>Header Files</Filter>
    </ClInclude>
    <ClInclude Include="include\appKeyboardSwitcher.h">
      <Filter>Header Files</Filter>
    </ClInclude>
    <ClInclude Include="include\appTaskSwitcher.h">
      <Filter>Header Files</Filter>
    </ClInclude>
  </ItemGroup>
</Project>