<?xml version="1.0" encoding="utf-8"?>
<Project ToolsVersion="4.0" xmlns="http://schemas.microsoft.com/developer/msbuild/2003">
  <ItemGroup>
    <Filter Include="Header Files">
      <UniqueIdentifier>{24d5b486-827f-45ad-a1ca-c9abd026cf2c}</UniqueIdentifier>
    </Filter>
    <Filter Include="LibEmu">
      <UniqueIdentifier>{6427d51b-b468-4744-91b2-392d49cbeccf}</UniqueIdentifier>
    </Filter>
    <Filter Include="LibOS">
      <UniqueIdentifier>{426f6518-472c-4bb5-898b-d9bce88abc1a}</UniqueIdentifier>
    </Filter>
    <Filter Include="Resource Files">
      <UniqueIdentifier>{58cf27c7-8018-4a00-9d9c-f7193de63360}</UniqueIdentifier>
    </Filter>
    <Filter Include="Source Files">
      <UniqueIdentifier>{c5778690-4c34-4f95-88cc-e18e0e3ba83c}</UniqueIdentifier>
    </Filter>
    <Filter Include="LibEmu\Header Files">
      <UniqueIdentifier>{751dc197-2d79-4abf-a057-bc8f84c6d878}</UniqueIdentifier>
    </Filter>
    <Filter Include="LibEmu\Source Files">
      <UniqueIdentifier>{b4d89f54-dcc6-4e76-b99e-de2d402cbde4}</UniqueIdentifier>
    </Filter>
    <Filter Include="LibEmu\Resource Files">
      <UniqueIdentifier>{2a4f22f6-bab6-45b8-8b38-3ecdaf5b26de}</UniqueIdentifier>
    </Filter>
    <Filter Include="LibOS\Header Files">
      <UniqueIdentifier>{2185dc92-ba9a-4cd4-bbe6-534326e479d3}</UniqueIdentifier>
    </Filter>
    <Filter Include="LibOS\Source Files">
      <UniqueIdentifier>{38bf1134-5822-4f89-bcdf-85193cd25003}</UniqueIdentifier>
    </Filter>
    <Filter Include="LibOS\Driver Files">
      <UniqueIdentifier>{7bba7e5f-53b7-4876-95de-bbf6df2122c8}</UniqueIdentifier>
    </Filter>
  </ItemGroup>
  <ItemGroup>
    <ClInclude Include="include\appKeyboardSwitcher.h">
      <Filter>Header Files</Filter>
    </ClInclude>
    <ClInclude Include="include\appSettings.h">
      <Filter>Header Files</Filter>
    </ClInclude>
    <ClInclude Include="include\sysConfig.h">
      <Filter>Header Files</Filter>
    </ClInclude>
    <ClInclude Include="include\sysResource.h">
      <Filter>Header Files</Filter>
    </ClInclude>
    <ClInclude Include="..\..\LibEmu\include\cpuI8080.h">
      <Filter>LibEmu\Header Files</Filter>
    </ClInclude>
    <ClInclude Include="..\..\LibEmu\include\cpuZ80.h">
      <Filter>LibEmu\Header Files</Filter>
    </ClInclude>
    <ClInclude Include="..\..\LibEmu\include\cpuz80codes.h">
      <Filter>LibEmu\Header Files</Filter>
    </ClInclude>
    <ClInclude Include="..\..\LibEmu\include\cpuZ80CodesCB.h">
      <Filter>LibEmu\Header Files</Filter>
    </ClInclude>
    <ClInclude Include="..\..\LibEmu\include\cpuZ80codesED.h">
      <Filter>LibEmu\Header Files</Filter>
    </ClInclude>
    <ClInclude Include="..\..\LibEmu\include\cpuZ80CodesXCB.h">
      <Filter>LibEmu\Header Files</Filter>
    </ClInclude>
    <ClInclude Include="..\..\LibEmu\include\cpuZ80CodesXX.h">
      <Filter>LibEmu\Header Files</Filter>
    </ClInclude>
    <ClInclude Include="..\..\LibEmu\include\cpuZ80Tables.h">
      <Filter>LibEmu\Header Files</Filter>
    </ClInclude>
    <ClInclude Include="..\..\LibEmu\include\emuHomeLab.h">
      <Filter>LibEmu\Header Files</Filter>
    </ClInclude>
    <ClInclude Include="..\..\LibEmu\include\emuHT1080.h">
      <Filter>LibEmu\Header Files</Filter>
    </ClInclude>
    <ClInclude Include="..\..\LibEmu\include\emuInvaders.h">
      <Filter>LibEmu\Header Files</Filter>
    </ClInclude>
    <ClInclude Include="..\..\LibOS\include\cpCodePages.h">
      <Filter>LibOS\Header Files</Filter>
    </ClInclude>
    <ClInclude Include="..\..\LibOS\include\drvBlackAndWhiteGraphics.h">
      <Filter>LibOS\Header Files</Filter>
    </ClInclude>
    <ClInclude Include="..\..\LibOS\include\drvColorGraphics.h">
      <Filter>LibOS\Header Files</Filter>
    </ClInclude>
    <ClInclude Include="..\..\LibOS\include\drvKeyboardScancodeMapper.h">
      <Filter>LibOS\Header Files</Filter>
    </ClInclude>
    <ClInclude Include="..\..\LibOS\include\drvMassStorage.h">
      <Filter>LibOS\Header Files</Filter>
    </ClInclude>
    <ClInclude Include="..\..\LibOS\include\drvResources.h">
      <Filter>LibOS\Header Files</Filter>
    </ClInclude>
    <ClInclude Include="..\..\LibOS\include\drvWavePlayer.h">
      <Filter>LibOS\Header Files</Filter>
    </ClInclude>
    <ClInclude Include="..\..\LibOS\include\fbBuffer.h">
      <Filter>LibOS\Header Files</Filter>
    </ClInclude>
    <ClInclude Include="..\..\LibOS\include\fbFileBrowser.h">
      <Filter>LibOS\Header Files</Filter>
    </ClInclude>
    <ClInclude Include="..\..\LibOS\include\fbFileEnumerator.h">
      <Filter>LibOS\Header Files</Filter>
    </ClInclude>
    <ClInclude Include="..\..\LibOS\include\fbIconMapper.h">
      <Filter>LibOS\Header Files</Filter>
    </ClInclude>
    <ClInclude Include="..\..\LibOS\include\fbRenderer.h">
      <Filter>LibOS\Header Files</Filter>
    </ClInclude>
    <ClInclude Include="..\..\LibOS\include\fbTypes.h">
      <Filter>LibOS\Header Files</Filter>
    </ClInclude>
    <ClInclude Include="..\..\LibOS\include\fileFAT.h">
      <Filter>LibOS\Header Files</Filter>
    </ClInclude>
    <ClInclude Include="..\..\LibOS\include\fileSDCard.h">
      <Filter>LibOS\Header Files</Filter>
    </ClInclude>
    <ClInclude Include="..\..\LibOS\include\fileStandardFunctions.h">
      <Filter>LibOS\Header Files</Filter>
    </ClInclude>
    <ClInclude Include="..\..\LibOS\include\fileTypes.h">
      <Filter>LibOS\Header Files</Filter>
    </ClInclude>
    <ClInclude Include="..\..\LibOS\include\fileUtils.h">
      <Filter>LibOS\Header Files</Filter>
    </ClInclude>
    <ClInclude Include="..\..\LibOS\include\fileVolumes.h">
      <Filter>LibOS\Header Files</Filter>
    </ClInclude>
    <ClInclude Include="..\..\LibOS\include\fileWave.h">
      <Filter>LibOS\Header Files</Filter>
    </ClInclude>
    <ClInclude Include="..\..\LibOS\include\guiBlackAndWhiteGraphics.h">
      <Filter>LibOS\Header Files</Filter>
    </ClInclude>
    <ClInclude Include="..\..\LibOS\include\guiColorGraphics.h">
      <Filter>LibOS\Header Files</Filter>
    </ClInclude>
    <ClInclude Include="..\..\LibOS\include\guiCommon.h">
      <Filter>LibOS\Header Files</Filter>
    </ClInclude>
    <ClInclude Include="..\..\LibOS\include\guiTypes.h">
      <Filter>LibOS\Header Files</Filter>
    </ClInclude>
    <ClInclude Include="..\..\LibOS\include\sysDateTime.h">
      <Filter>LibOS\Header Files</Filter>
    </ClInclude>
    <ClInclude Include="..\..\LibOS\include\sysHighresTimer.h">
      <Filter>LibOS\Header Files</Filter>
    </ClInclude>
    <ClInclude Include="..\..\LibOS\include\sysPackEnd.h">
      <Filter>LibOS\Header Files</Filter>
    </ClInclude>
    <ClInclude Include="..\..\LibOS\include\sysPackStart.h">
      <Filter>LibOS\Header Files</Filter>
    </ClInclude>
    <ClInclude Include="..\..\LibOS\include\sysString.h">
      <Filter>LibOS\Header Files</Filter>
    </ClInclude>
    <ClInclude Include="..\..\LibOS\include\sysTimer.h">
      <Filter>LibOS\Header Files</Filter>
    </ClInclude>
    <ClInclude Include="..\..\LibOS\include\sysTypes.h">
      <Filter>LibOS\Header Files</Filter>
    </ClInclude>
    <ClInclude Include="..\..\LibOS\include\sysUserInput.h">
      <Filter>LibOS\Header Files</Filter>
    </ClInclude>
    <ClInclude Include="..\..\LibOS\include\sysVirtualKeyboardCodes.h">
      <Filter>LibOS\Header Files</Filter>
    </ClInclude>
    <ClInclude Include="..\..\LibOS\include\waveMixer.h">
      <Filter>LibOS\Header Files</Filter>
    </ClInclude>
  </ItemGroup>
  <ItemGroup>
    <ClCompile Include="source\appKeyboardSwitcher.c">
      <Filter>Source Files</Filter>
    </ClCompile>
    <ClCompile Include="source\appSettings.c">
      <Filter>Source Files</Filter>
    </ClCompile>
    <ClCompile Include="source\sysInitialization.c">
      <Filter>Source Files</Filter>
    </ClCompile>
    <ClCompile Include="source\sysResource.c">
      <Filter>Source Files</Filter>
    </ClCompile>
    <ClCompile Include="..\..\LibEmu\resources\homelab\hl3_chargen.c">
      <Filter>LibEmu\Resource Files</Filter>
    </ClCompile>
    <ClCompile Include="..\..\LibEmu\resources\homelab\hl3_rom.c">
      <Filter>LibEmu\Resource Files</Filter>
    </ClCompile>
    <ClCompile Include="..\..\LibEmu\source\cpuZ80.c">
      <Filter>LibEmu\Source Files</Filter>
    </ClCompile>
    <ClCompile Include="..\..\LibEmu\source\hwHomeLab.c">
      <Filter>LibEmu\Source Files</Filter>
    </ClCompile>
    <ClCompile Include="..\..\LibEmu\source\scrHomeLabbw.c">
      <Filter>LibEmu\Source Files</Filter>
    </ClCompile>
    <ClCompile Include="..\..\LibOS\source\cpWin1250.c">
      <Filter>LibOS\Source Files</Filter>
    </ClCompile>
    <ClCompile Include="..\..\LibOS\source\fbBlackAndWhiteRenderer.c">
      <Filter>LibOS\Source Files</Filter>
    </ClCompile>
    <ClCompile Include="..\..\LibOS\source\fbBuffer.c">
      <Filter>LibOS\Source Files</Filter>
    </ClCompile>
    <ClCompile Include="..\..\LibOS\source\fbFileBrowser.c">
      <Filter>LibOS\Source Files</Filter>
    </ClCompile>
    <ClCompile Include="..\..\LibOS\source\fbFileEnumeratorWin32.c">
      <Filter>LibOS\Source Files</Filter>
    </ClCompile>
    <ClCompile Include="..\..\LibOS\source\fbIconMapper.c">
      <Filter>LibOS\Source Files</Filter>
    </ClCompile>
    <ClCompile Include="..\..\LibOS\source\fbUserInputHandler.c">
      <Filter>LibOS\Source Files</Filter>
    </ClCompile>
    <ClCompile Include="..\..\LibOS\source\fileUtils.c">
      <Filter>LibOS\Source Files</Filter>
    </ClCompile>
    <ClCompile Include="..\..\LibOS\source\guiBlackAndWhiteGraphics.c">
      <Filter>LibOS\Source Files</Filter>
    </ClCompile>
    <ClCompile Include="..\..\LibOS\source\guiCommon.c">
      <Filter>LibOS\Source Files</Filter>
    </ClCompile>
    <ClCompile Include="..\..\LibOS\source\sysDateTime.c">
      <Filter>LibOS\Source Files</Filter>
    </ClCompile>
    <ClCompile Include="..\..\LibOS\source\sysString.c">
      <Filter>LibOS\Source Files</Filter>
    </ClCompile>
    <ClCompile Include="..\..\LibOS\source\sysTimer.c">
      <Filter>LibOS\Source Files</Filter>
    </ClCompile>
    <ClCompile Include="..\..\LibOS\drivers\Win32\drvBlackAndWhiteGraphics.c">
      <Filter>LibOS\Driver Files</Filter>
    </ClCompile>
    <ClCompile Include="..\..\LibOS\drivers\Win32\drvGraphicsDisplayEmulator.c">
      <Filter>LibOS\Driver Files</Filter>
    </ClCompile>
    <ClCompile Include="..\..\LibOS\drivers\Win32\drvHighresTimer.c">
      <Filter>LibOS\Driver Files</Filter>
    </ClCompile>
    <ClCompile Include="..\..\LibOS\drivers\Win32\drvSystemTimer.c">
      <Filter>LibOS\Driver Files</Filter>
    </ClCompile>
    <ClCompile Include="..\..\LibOS\drivers\drvBlackAndWhiteSWRenderer.c">
      <Filter>LibOS\Driver Files</Filter>
    </ClCompile>
    <ClCompile Include="..\..\LibOS\drivers\drvResourceArray.c">
      <Filter>LibOS\Driver Files</Filter>
    </ClCompile>
  </ItemGroup>
</Project>