<?xml version="1.0" encoding="utf-8"?>
<Project ToolsVersion="4.0" xmlns="http://schemas.microsoft.com/developer/msbuild/2003">
  <ItemGroup>
    <Filter Include="Source Files">
      <UniqueIdentifier>{4FC737F1-C7A5-4376-A066-2A32D752A2FF}</UniqueIdentifier>
      <Extensions>cpp;c;cc;cxx;def;odl;idl;hpj;bat;asm;asmx</Extensions>
    </Filter>
    <Filter Include="Header Files">
      <UniqueIdentifier>{93995380-89BD-4b04-88EB-625FBE52EBFB}</UniqueIdentifier>
      <Extensions>h;hh;hpp;hxx;hm;inl;inc;xsd</Extensions>
    </Filter>
    <Filter Include="Resource Files">
      <UniqueIdentifier>{67DA6AB6-F800-4c08-8B7A-83BB121AAD01}</UniqueIdentifier>
      <Extensions>rc;ico;cur;bmp;dlg;rc2;rct;bin;rgs;gif;jpg;jpeg;jpe;resx;tiff;tif;png;wav;mfcribbon-ms</Extensions>
    </Filter>
    <Filter Include="LibEmu">
      <UniqueIdentifier>{5594c5fc-1f5d-4afc-b6c0-98689e930f93}</UniqueIdentifier>
    </Filter>
    <Filter Include="LibEmu\include">
      <UniqueIdentifier>{3f03c26a-01ca-404b-a93a-516c8d3451c8}</UniqueIdentifier>
    </Filter>
    <Filter Include="LibEmu\source">
      <UniqueIdentifier>{21640355-8050-4306-83f6-c9be971a21bf}</UniqueIdentifier>
    </Filter>
    <Filter Include="LibEmu\resources">
      <UniqueIdentifier>{ff42e8e0-7919-4ca0-a739-427d689def12}</UniqueIdentifier>
    </Filter>
    <Filter Include="LibOS">
      <UniqueIdentifier>{c6857277-f2b8-41fe-a182-6a79ad262f32}</UniqueIdentifier>
    </Filter>
    <Filter Include="LibOS\drivers">
      <UniqueIdentifier>{2e29473f-d430-4d38-b887-8531e559ee0b}</UniqueIdentifier>
    </Filter>
    <Filter Include="LibOS\include">
      <UniqueIdentifier>{77a9a1ef-f2f9-4a05-8a33-36ef07a540ae}</UniqueIdentifier>
    </Filter>
    <Filter Include="LibOS\source">
      <UniqueIdentifier>{97f15a8b-cb0b-4ec5-90f9-10e466ac87cd}</UniqueIdentifier>
    </Filter>
    <Filter Include="LibOS\drivers\win32">
      <UniqueIdentifier>{b408c1a7-ca17-4eda-ac24-4f47935cab69}</UniqueIdentifier>
    </Filter>
  </ItemGroup>
  <ItemGroup>
    <ClInclude Include="..\..\LibEmu\include\cpuZ80.h">
      <Filter>LibEmu\include</Filter>
    </ClInclude>
    <ClInclude Include="..\..\LibEmu\include\emuHomeLab.h">
      <Filter>LibEmu\include</Filter>
    </ClInclude>
    <ClInclude Include="include\appSettings.h">
      <Filter>Header Files</Filter>
    </ClInclude>
    <ClInclude Include="include\sysConfig.h">
      <Filter>Header Files</Filter>
    </ClInclude>
    <ClInclude Include="include\sysResource.h">
      <Filter>Header Files</Filter>
    </ClInclude>
    <ClInclude Include="..\..\LibOS\include\drvBlackAndWhiteGraphics.h">
      <Filter>LibOS\include</Filter>
    </ClInclude>
    <ClInclude Include="..\..\LibOS\include\drvColorGraphics.h">
      <Filter>LibOS\include</Filter>
    </ClInclude>
    <ClInclude Include="..\..\LibOS\include\drvKeyboardScancodeMapper.h">
      <Filter>LibOS\include</Filter>
    </ClInclude>
    <ClInclude Include="..\..\LibOS\include\drvMassStorage.h">
      <Filter>LibOS\include</Filter>
    </ClInclude>
    <ClInclude Include="..\..\LibOS\include\drvResources.h">
      <Filter>LibOS\include</Filter>
    </ClInclude>
    <ClInclude Include="..\..\LibOS\include\drvWavePlayer.h">
      <Filter>LibOS\include</Filter>
    </ClInclude>
    <ClInclude Include="..\..\LibOS\include\fbBuffer.h">
      <Filter>LibOS\include</Filter>
    </ClInclude>
    <ClInclude Include="..\..\LibOS\include\fbFileBrowser.h">
      <Filter>LibOS\include</Filter>
    </ClInclude>
    <ClInclude Include="..\..\LibOS\include\fbFileEnumerator.h">
      <Filter>LibOS\include</Filter>
    </ClInclude>
    <ClInclude Include="..\..\LibOS\include\fbIconMapper.h">
      <Filter>LibOS\include</Filter>
    </ClInclude>
    <ClInclude Include="..\..\LibOS\include\fbRenderer.h">
      <Filter>LibOS\include</Filter>
    </ClInclude>
    <ClInclude Include="..\..\LibOS\include\fbTypes.h">
      <Filter>LibOS\include</Filter>
    </ClInclude>
    <ClInclude Include="..\..\LibOS\include\fileFAT.h">
      <Filter>LibOS\include</Filter>
    </ClInclude>
    <ClInclude Include="..\..\LibOS\include\fileSDCard.h">
      <Filter>LibOS\include</Filter>
    </ClInclude>
    <ClInclude Include="..\..\LibOS\include\fileStandardFunctions.h">
      <Filter>LibOS\include</Filter>
    </ClInclude>
    <ClInclude Include="..\..\LibOS\include\fileTypes.h">
      <Filter>LibOS\include</Filter>
    </ClInclude>
    <ClInclude Include="..\..\LibOS\include\fileUtils.h">
      <Filter>LibOS\include</Filter>
    </ClInclude>
    <ClInclude Include="..\..\LibOS\include\fileVolumes.h">
      <Filter>LibOS\include</Filter>
    </ClInclude>
    <ClInclude Include="..\..\LibOS\include\fileWave.h">
      <Filter>LibOS\include</Filter>
    </ClInclude>
    <ClInclude Include="..\..\LibOS\include\guiBlackAndWhiteGraphics.h">
      <Filter>LibOS\include</Filter>
    </ClInclude>
    <ClInclude Include="..\..\LibOS\include\guiColorGraphics.h">
      <Filter>LibOS\include</Filter>
    </ClInclude>
    <ClInclude Include="..\..\LibOS\include\guiCommon.h">
      <Filter>LibOS\include</Filter>
    </ClInclude>
    <ClInclude Include="..\..\LibOS\include\guiTypes.h">
      <Filter>LibOS\include</Filter>
    </ClInclude>
    <ClInclude Include="..\..\LibOS\include\sysDateTime.h">
      <Filter>LibOS\include</Filter>
    </ClInclude>
    <ClInclude Include="..\..\LibOS\include\sysHighresTimer.h">
      <Filter>LibOS\include</Filter>
    </ClInclude>
    <ClInclude Include="..\..\LibOS\include\sysPackEnd.h">
      <Filter>LibOS\include</Filter>
    </ClInclude>
    <ClInclude Include="..\..\LibOS\include\sysPackStart.h">
      <Filter>LibOS\include</Filter>
    </ClInclude>
    <ClInclude Include="..\..\LibOS\include\sysString.h">
      <Filter>LibOS\include</Filter>
    </ClInclude>
    <ClInclude Include="..\..\LibOS\include\sysTimer.h">
      <Filter>LibOS\include</Filter>
    </ClInclude>
    <ClInclude Include="..\..\LibOS\include\sysTypes.h">
      <Filter>LibOS\include</Filter>
    </ClInclude>
    <ClInclude Include="..\..\LibOS\include\sysUserInput.h">
      <Filter>LibOS\include</Filter>
    </ClInclude>
    <ClInclude Include="..\..\LibOS\include\sysVirtualKeyboardCodes.h">
      <Filter>LibOS\include</Filter>
    </ClInclude>
    <ClInclude Include="..\..\LibOS\include\waveMixer.h">
      <Filter>LibOS\include</Filter>
    </ClInclude>
    <ClInclude Include="..\..\LibOS\include\cpCodePages.h">
      <Filter>LibOS\include</Filter>
    </ClInclude>
    <ClInclude Include="include\appKeyboardSwitcher.h">
      <Filter>Header Files</Filter>
    </ClInclude>
  </ItemGroup>
  <ItemGroup>
    <ClCompile Include="..\..\LibEmu\resources\homelab\hl3_chargen.c">
      <Filter>LibEmu\resources</Filter>
    </ClCompile>
    <ClCompile Include="..\..\LibEmu\resources\homelab\hl3_rom.c">
      <Filter>LibEmu\resources</Filter>
    </ClCompile>
    <ClCompile Include="..\..\LibEmu\source\cpuZ80.c">
      <Filter>LibEmu\source</Filter>
    </ClCompile>
    <ClCompile Include="..\..\LibEmu\source\hwHomeLab.c">
      <Filter>LibEmu\source</Filter>
    </ClCompile>
    <ClCompile Include="..\..\LibEmu\source\scrHomeLabbw.c">
      <Filter>LibEmu\source</Filter>
    </ClCompile>
    <ClCompile Include="source\appSettings.c">
      <Filter>Source Files</Filter>
    </ClCompile>
    <ClCompile Include="source\sysInitialization.c">
      <Filter>Source Files</Filter>
    </ClCompile>
    <ClCompile Include="source\sysResource.c">
      <Filter>Source Files</Filter>
    </ClCompile>
    <ClCompile Include="..\..\LibOS\drivers\Win32\drvBlackAndWhiteGraphics.c">
      <Filter>LibOS\drivers\win32</Filter>
    </ClCompile>
    <ClCompile Include="..\..\LibOS\drivers\Win32\drvGraphicsDisplayEmulator.c">
      <Filter>LibOS\drivers\win32</Filter>
    </ClCompile>
    <ClCompile Include="..\..\LibOS\drivers\Win32\drvHighresTimer.c">
      <Filter>LibOS\drivers\win32</Filter>
    </ClCompile>
    <ClCompile Include="..\..\LibOS\drivers\Win32\drvSystemTimer.c">
      <Filter>LibOS\drivers\win32</Filter>
    </ClCompile>
    <ClCompile Include="..\..\LibOS\drivers\drvBlackAndWhiteSWRenderer.c">
      <Filter>LibOS\drivers</Filter>
    </ClCompile>
    <ClCompile Include="..\..\LibOS\drivers\drvResourceArray.c">
      <Filter>LibOS\drivers</Filter>
    </ClCompile>
    <ClCompile Include="..\..\LibOS\source\fbBlackAndWhiteRenderer.c">
      <Filter>LibOS\source</Filter>
    </ClCompile>
    <ClCompile Include="..\..\LibOS\source\fbBuffer.c">
      <Filter>LibOS\source</Filter>
    </ClCompile>
    <ClCompile Include="..\..\LibOS\source\fbFileBrowser.c">
      <Filter>LibOS\source</Filter>
    </ClCompile>
    <ClCompile Include="..\..\LibOS\source\fbFileEnumeratorWin32.c">
      <Filter>LibOS\source</Filter>
    </ClCompile>
    <ClCompile Include="..\..\LibOS\source\fbIconMapper.c">
      <Filter>LibOS\source</Filter>
    </ClCompile>
    <ClCompile Include="..\..\LibOS\source\fbUserInputHandler.c">
      <Filter>LibOS\source</Filter>
    </ClCompile>
    <ClCompile Include="..\..\LibOS\source\fileUtils.c">
      <Filter>LibOS\source</Filter>
    </ClCompile>
    <ClCompile Include="..\..\LibOS\source\guiBlackAndWhiteGraphics.c">
      <Filter>LibOS\source</Filter>
    </ClCompile>
    <ClCompile Include="..\..\LibOS\source\guiCommon.c">
      <Filter>LibOS\source</Filter>
    </ClCompile>
    <ClCompile Include="..\..\LibOS\source\sysDateTime.c">
      <Filter>LibOS\source</Filter>
    </ClCompile>
    <ClCompile Include="..\..\LibOS\source\sysString.c">
      <Filter>LibOS\source</Filter>
    </ClCompile>
    <ClCompile Include="..\..\LibOS\source\sysTimer.c">
      <Filter>LibOS\source</Filter>
    </ClCompile>
    <ClCompile Include="..\..\LibEmu\resources\homelab\hl4_rom.c">
      <Filter>LibEmu\resources</Filter>
    </ClCompile>
    <ClCompile Include="..\..\LibOS\source\cpWin1250.c">
      <Filter>LibOS\source</Filter>
    </ClCompile>
    <ClCompile Include="source\appKeyboardSwitcher.c">
      <Filter>Source Files</Filter>
    </ClCompile>
  </ItemGroup>
</Project>